
Microsoft Visual Studio Solution File, Format Version 12.00
# Visual Studio 15
VisualStudioVersion = 15.0.28307.438
MinimumVisualStudioVersion = 10.0.40219.1
Project("{FAE04EC0-301F-11D3-BF4B-00C04F79EFBC}") = "App1.Android", "App1\App1.Android\App1.Android.csproj", "{21BB22B0-B1E9-4967-9AD0-E719AC33A9D2}"
EndProject
Project("{FAE04EC0-301F-11D3-BF4B-00C04F79EFBC}") = "App1.iOS", "App1\App1.iOS\App1.iOS.csproj", "{799EFB35-E9C8-45E8-B341-379D3CA783FF}"
EndProject
Project("{FAE04EC0-301F-11D3-BF4B-00C04F79EFBC}") = "App1", "App1\App1\App1.csproj", "{BB698C9B-4624-400D-A7CF-FDAFD6851870}"
EndProject
Global
	GlobalSection(SolutionConfigurationPlatforms) = preSolution
		Ad-Hoc|Any CPU = Ad-Hoc|Any CPU
		Ad-Hoc|iPhone = Ad-Hoc|iPhone
		Ad-Hoc|iPhoneSimulator = Ad-Hoc|iPhoneSimulator
		AppStore|Any CPU = AppStore|Any CPU
		AppStore|iPhone = AppStore|iPhone
		AppStore|iPhoneSimulator = AppStore|iPhoneSimulator
		Debug|Any CPU = Debug|Any CPU
		Debug|iPhone = Debug|iPhone
		Debug|iPhoneSimulator = Debug|iPhoneSimulator
		Release|Any CPU = Release|Any CPU
		Release|iPhone = Release|iPhone
		Release|iPhoneSimulator = Release|iPhoneSimulator
	EndGlobalSection
	GlobalSection(ProjectConfigurationPlatforms) = postSolution
		{21BB22B0-B1E9-4967-9AD0-E719AC33A9D2}.Ad-Hoc|Any CPU.ActiveCfg = Release|Any CPU
		{21BB22B0-B1E9-4967-9AD0-E719AC33A9D2}.Ad-Hoc|Any CPU.Build.0 = Release|Any CPU
		{21BB22B0-B1E9-4967-9AD0-E719AC33A9D2}.Ad-Hoc|Any CPU.Deploy.0 = Release|Any CPU
		{21BB22B0-B1E9-4967-9AD0-E719AC33A9D2}.Ad-Hoc|iPhone.ActiveCfg = Release|Any CPU
		{21BB22B0-B1E9-4967-9AD0-E719AC33A9D2}.Ad-Hoc|iPhone.Build.0 = Release|Any CPU
		{21BB22B0-B1E9-4967-9AD0-E719AC33A9D2}.Ad-Hoc|iPhone.Deploy.0 = Release|Any CPU
		{21BB22B0-B1E9-4967-9AD0-E719AC33A9D2}.Ad-Hoc|iPhoneSimulator.ActiveCfg = Release|Any CPU
		{21BB22B0-B1E9-4967-9AD0-E719AC33A9D2}.Ad-Hoc|iPhoneSimulator.Build.0 = Release|Any CPU
		{21BB22B0-B1E9-4967-9AD0-E719AC33A9D2}.Ad-Hoc|iPhoneSimulator.Deploy.0 = Release|Any CPU
		{21BB22B0-B1E9-4967-9AD0-E719AC33A9D2}.AppStore|Any CPU.ActiveCfg = Release|Any CPU
		{21BB22B0-B1E9-4967-9AD0-E719AC33A9D2}.AppStore|Any CPU.Build.0 = Release|Any CPU
		{21BB22B0-B1E9-4967-9AD0-E719AC33A9D2}.AppStore|Any CPU.Deploy.0 = Release|Any CPU
		{21BB22B0-B1E9-4967-9AD0-E719AC33A9D2}.AppStore|iPhone.ActiveCfg = Release|Any CPU
		{21BB22B0-B1E9-4967-9AD0-E719AC33A9D2}.AppStore|iPhone.Build.0 = Release|Any CPU
		{21BB22B0-B1E9-4967-9AD0-E719AC33A9D2}.AppStore|iPhone.Deploy.0 = Release|Any CPU
		{21BB22B0-B1E9-4967-9AD0-E719AC33A9D2}.AppStore|iPhoneSimulator.ActiveCfg = Release|Any CPU
		{21BB22B0-B1E9-4967-9AD0-E719AC33A9D2}.AppStore|iPhoneSimulator.Build.0 = Release|Any CPU
		{21BB22B0-B1E9-4967-9AD0-E719AC33A9D2}.AppStore|iPhoneSimulator.Deploy.0 = Release|Any CPU
		{21BB22B0-B1E9-4967-9AD0-E719AC33A9D2}.Debug|Any CPU.ActiveCfg = Debug|Any CPU
		{21BB22B0-B1E9-4967-9AD0-E719AC33A9D2}.Debug|Any CPU.Build.0 = Debug|Any CPU
		{21BB22B0-B1E9-4967-9AD0-E719AC33A9D2}.Debug|Any CPU.Deploy.0 = Debug|Any CPU
		{21BB22B0-B1E9-4967-9AD0-E719AC33A9D2}.Debug|iPhone.ActiveCfg = Debug|Any CPU
		{21BB22B0-B1E9-4967-9AD0-E719AC33A9D2}.Debug|iPhone.Build.0 = Debug|Any CPU
		{21BB22B0-B1E9-4967-9AD0-E719AC33A9D2}.Debug|iPhone.Deploy.0 = Debug|Any CPU
		{21BB22B0-B1E9-4967-9AD0-E719AC33A9D2}.Debug|iPhoneSimulator.ActiveCfg = Debug|Any CPU
		{21BB22B0-B1E9-4967-9AD0-E719AC33A9D2}.Debug|iPhoneSimulator.Build.0 = Debug|Any CPU
		{21BB22B0-B1E9-4967-9AD0-E719AC33A9D2}.Debug|iPhoneSimulator.Deploy.0 = Debug|Any CPU
		{21BB22B0-B1E9-4967-9AD0-E719AC33A9D2}.Release|Any CPU.ActiveCfg = Release|Any CPU
		{21BB22B0-B1E9-4967-9AD0-E719AC33A9D2}.Release|Any CPU.Build.0 = Release|Any CPU
		{21BB22B0-B1E9-4967-9AD0-E719AC33A9D2}.Release|Any CPU.Deploy.0 = Release|Any CPU
		{21BB22B0-B1E9-4967-9AD0-E719AC33A9D2}.Release|iPhone.ActiveCfg = Release|Any CPU
		{21BB22B0-B1E9-4967-9AD0-E719AC33A9D2}.Release|iPhone.Build.0 = Release|Any CPU
		{21BB22B0-B1E9-4967-9AD0-E719AC33A9D2}.Release|iPhone.Deploy.0 = Release|Any CPU
		{21BB22B0-B1E9-4967-9AD0-E719AC33A9D2}.Release|iPhoneSimulator.ActiveCfg = Release|Any CPU
		{21BB22B0-B1E9-4967-9AD0-E719AC33A9D2}.Release|iPhoneSimulator.Build.0 = Release|Any CPU
		{21BB22B0-B1E9-4967-9AD0-E719AC33A9D2}.Release|iPhoneSimulator.Deploy.0 = Release|Any CPU
		{799EFB35-E9C8-45E8-B341-379D3CA783FF}.Ad-Hoc|Any CPU.ActiveCfg = Ad-Hoc|iPhone
		{799EFB35-E9C8-45E8-B341-379D3CA783FF}.Ad-Hoc|Any CPU.Build.0 = Ad-Hoc|iPhone
		{799EFB35-E9C8-45E8-B341-379D3CA783FF}.Ad-Hoc|Any CPU.Deploy.0 = Ad-Hoc|iPhone
		{799EFB35-E9C8-45E8-B341-379D3CA783FF}.Ad-Hoc|iPhone.ActiveCfg = Ad-Hoc|iPhone
		{799EFB35-E9C8-45E8-B341-379D3CA783FF}.Ad-Hoc|iPhone.Build.0 = Ad-Hoc|iPhone
		{799EFB35-E9C8-45E8-B341-379D3CA783FF}.Ad-Hoc|iPhone.Deploy.0 = Ad-Hoc|iPhone
		{799EFB35-E9C8-45E8-B341-379D3CA783FF}.Ad-Hoc|iPhoneSimulator.ActiveCfg = Ad-Hoc|iPhoneSimulator
		{799EFB35-E9C8-45E8-B341-379D3CA783FF}.Ad-Hoc|iPhoneSimulator.Build.0 = Ad-Hoc|iPhoneSimulator
		{799EFB35-E9C8-45E8-B341-379D3CA783FF}.Ad-Hoc|iPhoneSimulator.Deploy.0 = Ad-Hoc|iPhoneSimulator
		{799EFB35-E9C8-45E8-B341-379D3CA783FF}.AppStore|Any CPU.ActiveCfg = AppStore|iPhone
		{799EFB35-E9C8-45E8-B341-379D3CA783FF}.AppStore|Any CPU.Build.0 = AppStore|iPhone
		{799EFB35-E9C8-45E8-B341-379D3CA783FF}.AppStore|Any CPU.Deploy.0 = AppStore|iPhone
		{799EFB35-E9C8-45E8-B341-379D3CA783FF}.AppStore|iPhone.ActiveCfg = AppStore|iPhone
		{799EFB35-E9C8-45E8-B341-379D3CA783FF}.AppStore|iPhone.Build.0 = AppStore|iPhone
		{799EFB35-E9C8-45E8-B341-379D3CA783FF}.AppStore|iPhone.Deploy.0 = AppStore|iPhone
		{799EFB35-E9C8-45E8-B341-379D3CA783FF}.AppStore|iPhoneSimulator.ActiveCfg = AppStore|iPhoneSimulator
		{799EFB35-E9C8-45E8-B341-379D3CA783FF}.AppStore|iPhoneSimulator.Build.0 = AppStore|iPhoneSimulator
		{799EFB35-E9C8-45E8-B341-379D3CA783FF}.AppStore|iPhoneSimulator.Deploy.0 = AppStore|iPhoneSimulator
		{799EFB35-E9C8-45E8-B341-379D3CA783FF}.Debug|Any CPU.ActiveCfg = Debug|iPhoneSimulator
		{799EFB35-E9C8-45E8-B341-379D3CA783FF}.Debug|Any CPU.Build.0 = Debug|iPhoneSimulator
		{799EFB35-E9C8-45E8-B341-379D3CA783FF}.Debug|Any CPU.Deploy.0 = Debug|iPhoneSimulator
		{799EFB35-E9C8-45E8-B341-379D3CA783FF}.Debug|iPhone.ActiveCfg = Debug|iPhone
		{799EFB35-E9C8-45E8-B341-379D3CA783FF}.Debug|iPhone.Build.0 = Debug|iPhone
		{799EFB35-E9C8-45E8-B341-379D3CA783FF}.Debug|iPhone.Deploy.0 = Debug|iPhone
		{799EFB35-E9C8-45E8-B341-379D3CA783FF}.Debug|iPhoneSimulator.ActiveCfg = Debug|iPhoneSimulator
		{799EFB35-E9C8-45E8-B341-379D3CA783FF}.Debug|iPhoneSimulator.Build.0 = Debug|iPhoneSimulator
		{799EFB35-E9C8-45E8-B341-379D3CA783FF}.Debug|iPhoneSimulator.Deploy.0 = Debug|iPhoneSimulator
		{799EFB35-E9C8-45E8-B341-379D3CA783FF}.Release|Any CPU.ActiveCfg = Release|iPhone
		{799EFB35-E9C8-45E8-B341-379D3CA783FF}.Release|Any CPU.Build.0 = Release|iPhone
		{799EFB35-E9C8-45E8-B341-379D3CA783FF}.Release|Any CPU.Deploy.0 = Release|iPhone
		{799EFB35-E9C8-45E8-B341-379D3CA783FF}.Release|iPhone.ActiveCfg = Release|iPhone
		{799EFB35-E9C8-45E8-B341-379D3CA783FF}.Release|iPhone.Build.0 = Release|iPhone
		{799EFB35-E9C8-45E8-B341-379D3CA783FF}.Release|iPhone.Deploy.0 = Release|iPhone
		{799EFB35-E9C8-45E8-B341-379D3CA783FF}.Release|iPhoneSimulator.ActiveCfg = Release|iPhoneSimulator
		{799EFB35-E9C8-45E8-B341-379D3CA783FF}.Release|iPhoneSimulator.Build.0 = Release|iPhoneSimulator
		{799EFB35-E9C8-45E8-B341-379D3CA783FF}.Release|iPhoneSimulator.Deploy.0 = Release|iPhoneSimulator
		{BB698C9B-4624-400D-A7CF-FDAFD6851870}.Ad-Hoc|Any CPU.ActiveCfg = Debug|Any CPU
		{BB698C9B-4624-400D-A7CF-FDAFD6851870}.Ad-Hoc|Any CPU.Build.0 = Debug|Any CPU
		{BB698C9B-4624-400D-A7CF-FDAFD6851870}.Ad-Hoc|Any CPU.Deploy.0 = Debug|Any CPU
		{BB698C9B-4624-400D-A7CF-FDAFD6851870}.Ad-Hoc|iPhone.ActiveCfg = Debug|Any CPU
		{BB698C9B-4624-400D-A7CF-FDAFD6851870}.Ad-Hoc|iPhone.Build.0 = Debug|Any CPU
		{BB698C9B-4624-400D-A7CF-FDAFD6851870}.Ad-Hoc|iPhone.Deploy.0 = Debug|Any CPU
		{BB698C9B-4624-400D-A7CF-FDAFD6851870}.Ad-Hoc|iPhoneSimulator.ActiveCfg = Debug|Any CPU
		{BB698C9B-4624-400D-A7CF-FDAFD6851870}.Ad-Hoc|iPhoneSimulator.Build.0 = Debug|Any CPU
		{BB698C9B-4624-400D-A7CF-FDAFD6851870}.Ad-Hoc|iPhoneSimulator.Deploy.0 = Debug|Any CPU
		{BB698C9B-4624-400D-A7CF-FDAFD6851870}.AppStore|Any CPU.ActiveCfg = Debug|Any CPU
		{BB698C9B-4624-400D-A7CF-FDAFD6851870}.AppStore|Any CPU.Build.0 = Debug|Any CPU
		{BB698C9B-4624-400D-A7CF-FDAFD6851870}.AppStore|Any CPU.Deploy.0 = Debug|Any CPU
		{BB698C9B-4624-400D-A7CF-FDAFD6851870}.AppStore|iPhone.ActiveCfg = Debug|Any CPU
		{BB698C9B-4624-400D-A7CF-FDAFD6851870}.AppStore|iPhone.Build.0 = Debug|Any CPU
		{BB698C9B-4624-400D-A7CF-FDAFD6851870}.AppStore|iPhone.Deploy.0 = Debug|Any CPU
		{BB698C9B-4624-400D-A7CF-FDAFD6851870}.AppStore|iPhoneSimulator.ActiveCfg = Debug|Any CPU
		{BB698C9B-4624-400D-A7CF-FDAFD6851870}.AppStore|iPhoneSimulator.Build.0 = Debug|Any CPU
		{BB698C9B-4624-400D-A7CF-FDAFD6851870}.AppStore|iPhoneSimulator.Deploy.0 = Debug|Any CPU
		{BB698C9B-4624-400D-A7CF-FDAFD6851870}.Debug|Any CPU.ActiveCfg = Debug|Any CPU
		{BB698C9B-4624-400D-A7CF-FDAFD6851870}.Debug|Any CPU.Build.0 = Debug|Any CPU
		{BB698C9B-4624-400D-A7CF-FDAFD6851870}.Debug|Any CPU.Deploy.0 = Debug|Any CPU
		{BB698C9B-4624-400D-A7CF-FDAFD6851870}.Debug|iPhone.ActiveCfg = Debug|Any CPU
		{BB698C9B-4624-400D-A7CF-FDAFD6851870}.Debug|iPhone.Build.0 = Debug|Any CPU
		{BB698C9B-4624-400D-A7CF-FDAFD6851870}.Debug|iPhone.Deploy.0 = Debug|Any CPU
		{BB698C9B-4624-400D-A7CF-FDAFD6851870}.Debug|iPhoneSimulator.ActiveCfg = Debug|Any CPU
		{BB698C9B-4624-400D-A7CF-FDAFD6851870}.Debug|iPhoneSimulator.Build.0 = Debug|Any CPU
		{BB698C9B-4624-400D-A7CF-FDAFD6851870}.Debug|iPhoneSimulator.Deploy.0 = Debug|Any CPU
		{BB698C9B-4624-400D-A7CF-FDAFD6851870}.Release|Any CPU.ActiveCfg = Release|Any CPU
		{BB698C9B-4624-400D-A7CF-FDAFD6851870}.Release|Any CPU.Build.0 = Release|Any CPU
		{BB698C9B-4624-400D-A7CF-FDAFD6851870}.Release|Any CPU.Deploy.0 = Release|Any CPU
		{BB698C9B-4624-400D-A7CF-FDAFD6851870}.Release|iPhone.ActiveCfg = Release|Any CPU
		{BB698C9B-4624-400D-A7CF-FDAFD6851870}.Release|iPhone.Build.0 = Release|Any CPU
		{BB698C9B-4624-400D-A7CF-FDAFD6851870}.Release|iPhone.Deploy.0 = Release|Any CPU
		{BB698C9B-4624-400D-A7CF-FDAFD6851870}.Release|iPhoneSimulator.ActiveCfg = Release|Any CPU
		{BB698C9B-4624-400D-A7CF-FDAFD6851870}.Release|iPhoneSimulator.Build.0 = Release|Any CPU
		{BB698C9B-4624-400D-A7CF-FDAFD6851870}.Release|iPhoneSimulator.Deploy.0 = Release|Any CPU
	EndGlobalSection
	GlobalSection(SolutionProperties) = preSolution
		HideSolutionNode = FALSE
	EndGlobalSection
	GlobalSection(ExtensibilityGlobals) = postSolution
		SolutionGuid = {C4A46306-1EB1-4EE7-ADEC-823763C946F6}
	EndGlobalSection
EndGlobal
